
Microsoft Visual Studio Solution File, Format Version 12.00
# Visual Studio Version 16
VisualStudioVersion = 16.0.29613.14
MinimumVisualStudioVersion = 10.0.40219.1
Project("{FAE04EC0-301F-11D3-BF4B-00C04F79EFBC}") = "lab_1_right", "lab_1_right\lab_1_right.csproj", "{16179A48-801D-4BC8-9E9F-528790E8B412}"
EndProject
Global
	GlobalSection(SolutionConfigurationPlatforms) = preSolution
		Debug|Any CPU = Debug|Any CPU
		Release|Any CPU = Release|Any CPU
	EndGlobalSection
	GlobalSection(ProjectConfigurationPlatforms) = postSolution
		{16179A48-801D-4BC8-9E9F-528790E8B412}.Debug|Any CPU.ActiveCfg = Debug|Any CPU
		{16179A48-801D-4BC8-9E9F-528790E8B412}.Debug|Any CPU.Build.0 = Debug|Any CPU
		{16179A48-801D-4BC8-9E9F-528790E8B412}.Release|Any CPU.ActiveCfg = Release|Any CPU
		{16179A48-801D-4BC8-9E9F-528790E8B412}.Release|Any CPU.Build.0 = Release|Any CPU
	EndGlobalSection
	GlobalSection(SolutionProperties) = preSolution
		HideSolutionNode = FALSE
	EndGlobalSection
	GlobalSection(ExtensibilityGlobals) = postSolution
		SolutionGuid = {BB68A84C-0639-4B15-831E-C71C685A7D44}
	EndGlobalSection
EndGlobal
